
Microsoft Visual Studio Solution File, Format Version 12.00
# Visual Studio Version 16
VisualStudioVersion = 16.0.30717.126
MinimumVisualStudioVersion = 10.0.40219.1
Project("{FAE04EC0-301F-11D3-BF4B-00C04F79EFBC}") = "Revvy.Test", "Revvy.Test\Revvy.Test.csproj", "{75B47A02-B747-4520-ADEA-0C81AB0AFBE6}"
EndProject
Global
	GlobalSection(SolutionConfigurationPlatforms) = preSolution
		Debug|Any CPU = Debug|Any CPU
		Release|Any CPU = Release|Any CPU
	EndGlobalSection
	GlobalSection(ProjectConfigurationPlatforms) = postSolution
		{75B47A02-B747-4520-ADEA-0C81AB0AFBE6}.Debug|Any CPU.ActiveCfg = Debug|Any CPU
		{75B47A02-B747-4520-ADEA-0C81AB0AFBE6}.Debug|Any CPU.Build.0 = Debug|Any CPU
		{75B47A02-B747-4520-ADEA-0C81AB0AFBE6}.Release|Any CPU.ActiveCfg = Release|Any CPU
		{75B47A02-B747-4520-ADEA-0C81AB0AFBE6}.Release|Any CPU.Build.0 = Release|Any CPU
	EndGlobalSection
	GlobalSection(SolutionProperties) = preSolution
		HideSolutionNode = FALSE
	EndGlobalSection
	GlobalSection(ExtensibilityGlobals) = postSolution
		SolutionGuid = {AE0A0A73-85B9-456F-8C79-E9F5B81960B5}
	EndGlobalSection
EndGlobal
